schema: '2.0'
stages:
  data_ingestion:
    cmd: python src/data/data_ingestion.py
    deps:
    - path: src/data/data_ingestion.py
      hash: md5
      md5: a02dffb4ced835efbeb07e53a0fb8f7f
      size: 3435
    params:
      params.yaml:
        data_ingestion.test_size: 0.2
    outs:
    - path: data/raw
      hash: md5
      md5: fb326d2eec197669f9638afde28356bf.dir
      size: 827973
      nfiles: 2
  data_preprocessing:
    cmd: python src/data/data_preprocessing.py
    deps:
    - path: data/raw
      hash: md5
      md5: fb326d2eec197669f9638afde28356bf.dir
      size: 827973
      nfiles: 2
    - path: src/data/data_preprocessing.py
      hash: md5
      md5: 69c1e925599fe9c337f9de05b76b0176
      size: 3990
    outs:
    - path: data/interim
      hash: md5
      md5: c52f2290e848623bebee2a4c7bcf41e3.dir
      size: 572633
      nfiles: 2
  feature_engineering:
    cmd: python src/features/feature_engineering.py
    deps:
    - path: data/interim
      hash: md5
      md5: c52f2290e848623bebee2a4c7bcf41e3.dir
      size: 572633
      nfiles: 2
    - path: src/features/feature_engineering.py
      hash: md5
      md5: 0c73d71f350058b4e9a6e99121e4403b
      size: 3770
    params:
      params.yaml:
        feature_engineering.max_features: 100
    outs:
    - path: data/processed
      hash: md5
      md5: ed2fb0974edbaf8097e8066cedde4413.dir
      size: 4537114
      nfiles: 2
  model_building:
    cmd: python src/model/model_building.py
    deps:
    - path: data/processed
      hash: md5
      md5: ed2fb0974edbaf8097e8066cedde4413.dir
      size: 4537114
      nfiles: 2
    - path: src/model/model_building.py
      hash: md5
      md5: 7372d8540c0009f9ec5af853f978ef7e
      size: 3061
    params:
      params.yaml:
        model_building.learning_rate: 0.1
        model_building.n_estimators: 25
    outs:
    - path: models/model.pkl
      hash: md5
      md5: 374dd58505d39841952d6ac65760414e
      size: 39249
  model_evaluation:
    cmd: python src/model/model_evaluation.py
    deps:
    - path: models/model.pkl
      hash: md5
      md5: 374dd58505d39841952d6ac65760414e
      size: 39249
    - path: src/model/model_evaluation.py
      hash: md5
      md5: c790ebd488e0e50840e8a2e6fdb3cdf5
      size: 3369
    outs:
    - path: reports/metrics.json
      hash: md5
      md5: 43cb0d08c94d6bf6268daa3fc10c4604
      size: 145
